
Microsoft Visual Studio Solution File, Format Version 12.00
# Visual Studio 15
VisualStudioVersion = 15.0.27130.2027
MinimumVisualStudioVersion = 10.0.40219.1
Project("{9A19103F-16F7-4668-BE54-9A1E7A4F7556}") = "AutoTagger", "AutoTagger\AutoTagger.csproj", "{59ECEF9C-2CD1-4100-8E61-EE46D68EDADB}"
EndProject
Project("{9A19103F-16F7-4668-BE54-9A1E7A4F7556}") = "AutoTagger.Contract", "AutoTagger.Contract\AutoTagger.Contract.csproj", "{30CB818B-0CE3-4ED7-81E8-1D3747748AD8}"
EndProject
Project("{FAE04EC0-301F-11D3-BF4B-00C04F79EFBC}") = "AutoTagger.Clarifai.Standard", "AutoTagger.Clarifai.Standard\AutoTagger.Clarifai.Standard.csproj", "{B4A4A168-DB3C-4172-A2C9-3F8ECC36DDCE}"
EndProject
Project("{FAE04EC0-301F-11D3-BF4B-00C04F79EFBC}") = "AutoTagger.TaggingProvider", "AutoTagger.TaggingProvider\AutoTagger.TaggingProvider.csproj", "{4B030353-EBB6-44DD-86A4-B0D180B50523}"
EndProject
Global
	GlobalSection(SolutionConfigurationPlatforms) = preSolution
		Debug|Any CPU = Debug|Any CPU
		Release|Any CPU = Release|Any CPU
	EndGlobalSection
	GlobalSection(ProjectConfigurationPlatforms) = postSolution
		{59ECEF9C-2CD1-4100-8E61-EE46D68EDADB}.Debug|Any CPU.ActiveCfg = Debug|Any CPU
		{59ECEF9C-2CD1-4100-8E61-EE46D68EDADB}.Debug|Any CPU.Build.0 = Debug|Any CPU
		{59ECEF9C-2CD1-4100-8E61-EE46D68EDADB}.Release|Any CPU.ActiveCfg = Release|Any CPU
		{59ECEF9C-2CD1-4100-8E61-EE46D68EDADB}.Release|Any CPU.Build.0 = Release|Any CPU
		{30CB818B-0CE3-4ED7-81E8-1D3747748AD8}.Debug|Any CPU.ActiveCfg = Debug|Any CPU
		{30CB818B-0CE3-4ED7-81E8-1D3747748AD8}.Debug|Any CPU.Build.0 = Debug|Any CPU
		{30CB818B-0CE3-4ED7-81E8-1D3747748AD8}.Release|Any CPU.ActiveCfg = Release|Any CPU
		{30CB818B-0CE3-4ED7-81E8-1D3747748AD8}.Release|Any CPU.Build.0 = Release|Any CPU
	EndGlobalSection
	GlobalSection(SolutionProperties) = preSolution
		HideSolutionNode = FALSE
	EndGlobalSection
	GlobalSection(ExtensibilityGlobals) = postSolution
		SolutionGuid = {24300CB1-169E-4BA6-A152-65B787E8CD9B}
	EndGlobalSection
EndGlobal
