
Microsoft Visual Studio Solution File, Format Version 12.00
# Visual Studio 15
VisualStudioVersion = 15.0.27130.2027
MinimumVisualStudioVersion = 10.0.40219.1
Project("{9A19103F-16F7-4668-BE54-9A1E7A4F7556}") = "AutoTagger.Contract", "AutoTagger.Contract\AutoTagger.Contract.csproj", "{30CB818B-0CE3-4ED7-81E8-1D3747748AD8}"
EndProject
Project("{9A19103F-16F7-4668-BE54-9A1E7A4F7556}") = "AutoTagger.ImageProcessor.Standard", "AutoTagger.Clarifai.Standard\AutoTagger.ImageProcessor.Standard.csproj", "{B4A4A168-DB3C-4172-A2C9-3F8ECC36DDCE}"
EndProject
Project("{9A19103F-16F7-4668-BE54-9A1E7A4F7556}") = "AutoTagger.TestConsole.Core", "AutoTagger.TestConsole.Core\AutoTagger.TestConsole.Core.csproj", "{2143633E-4EB3-4A24-AB13-41990006F5DE}"
EndProject
Project("{9A19103F-16F7-4668-BE54-9A1E7A4F7556}") = "AutoTagger.UserInterface", "AutoTagger.UserInterface\AutoTagger.UserInterface.csproj", "{FE997A72-9301-4031-A16C-D23F03F5EE19}"
EndProject
Project("{9A19103F-16F7-4668-BE54-9A1E7A4F7556}") = "AutoTagger.Crawler.Standard", "AutoTagger.Crawler.Standard\AutoTagger.Crawler.Standard.csproj", "{0DA86F10-EC95-433D-B634-722BECF35C39}"
EndProject
Project("{9A19103F-16F7-4668-BE54-9A1E7A4F7556}") = "AutoTagger.Test.Core", "AutoTagger.Test.Core\AutoTagger.Test.Core.csproj", "{40034217-4CFC-4E99-9352-BE14DE48D9CE}"
EndProject
Project("{9A19103F-16F7-4668-BE54-9A1E7A4F7556}") = "AutoTagger.Database", "AutoTagger.Database\AutoTagger.Database.csproj", "{9A7227B2-6F35-4E29-AD26-803031890B63}"
EndProject
Project("{FAE04EC0-301F-11D3-BF4B-00C04F79EFBC}") = "AutoTagger.Objects", "AutoTagger.Objects\AutoTagger.Objects.csproj", "{F86E22A3-996A-485C-9172-65545C3C92A8}"
EndProject
Global
	GlobalSection(SolutionConfigurationPlatforms) = preSolution
		Debug|Any CPU = Debug|Any CPU
		Release|Any CPU = Release|Any CPU
	EndGlobalSection
	GlobalSection(ProjectConfigurationPlatforms) = postSolution
		{30CB818B-0CE3-4ED7-81E8-1D3747748AD8}.Debug|Any CPU.ActiveCfg = Debug|Any CPU
		{30CB818B-0CE3-4ED7-81E8-1D3747748AD8}.Debug|Any CPU.Build.0 = Debug|Any CPU
		{30CB818B-0CE3-4ED7-81E8-1D3747748AD8}.Release|Any CPU.ActiveCfg = Release|Any CPU
		{30CB818B-0CE3-4ED7-81E8-1D3747748AD8}.Release|Any CPU.Build.0 = Release|Any CPU
		{B4A4A168-DB3C-4172-A2C9-3F8ECC36DDCE}.Debug|Any CPU.ActiveCfg = Debug|Any CPU
		{B4A4A168-DB3C-4172-A2C9-3F8ECC36DDCE}.Debug|Any CPU.Build.0 = Debug|Any CPU
		{B4A4A168-DB3C-4172-A2C9-3F8ECC36DDCE}.Release|Any CPU.ActiveCfg = Release|Any CPU
		{B4A4A168-DB3C-4172-A2C9-3F8ECC36DDCE}.Release|Any CPU.Build.0 = Release|Any CPU
		{2143633E-4EB3-4A24-AB13-41990006F5DE}.Debug|Any CPU.ActiveCfg = Debug|Any CPU
		{2143633E-4EB3-4A24-AB13-41990006F5DE}.Debug|Any CPU.Build.0 = Debug|Any CPU
		{2143633E-4EB3-4A24-AB13-41990006F5DE}.Release|Any CPU.ActiveCfg = Release|Any CPU
		{2143633E-4EB3-4A24-AB13-41990006F5DE}.Release|Any CPU.Build.0 = Release|Any CPU
		{FE997A72-9301-4031-A16C-D23F03F5EE19}.Debug|Any CPU.ActiveCfg = Debug|Any CPU
		{FE997A72-9301-4031-A16C-D23F03F5EE19}.Debug|Any CPU.Build.0 = Debug|Any CPU
		{FE997A72-9301-4031-A16C-D23F03F5EE19}.Release|Any CPU.ActiveCfg = Release|Any CPU
		{FE997A72-9301-4031-A16C-D23F03F5EE19}.Release|Any CPU.Build.0 = Release|Any CPU
		{0DA86F10-EC95-433D-B634-722BECF35C39}.Debug|Any CPU.ActiveCfg = Debug|Any CPU
		{0DA86F10-EC95-433D-B634-722BECF35C39}.Debug|Any CPU.Build.0 = Debug|Any CPU
		{0DA86F10-EC95-433D-B634-722BECF35C39}.Release|Any CPU.ActiveCfg = Release|Any CPU
		{0DA86F10-EC95-433D-B634-722BECF35C39}.Release|Any CPU.Build.0 = Release|Any CPU
		{40034217-4CFC-4E99-9352-BE14DE48D9CE}.Debug|Any CPU.ActiveCfg = Debug|Any CPU
		{40034217-4CFC-4E99-9352-BE14DE48D9CE}.Debug|Any CPU.Build.0 = Debug|Any CPU
		{40034217-4CFC-4E99-9352-BE14DE48D9CE}.Release|Any CPU.ActiveCfg = Release|Any CPU
		{40034217-4CFC-4E99-9352-BE14DE48D9CE}.Release|Any CPU.Build.0 = Release|Any CPU
		{9A7227B2-6F35-4E29-AD26-803031890B63}.Debug|Any CPU.ActiveCfg = Debug|Any CPU
		{9A7227B2-6F35-4E29-AD26-803031890B63}.Debug|Any CPU.Build.0 = Debug|Any CPU
		{9A7227B2-6F35-4E29-AD26-803031890B63}.Release|Any CPU.ActiveCfg = Release|Any CPU
		{9A7227B2-6F35-4E29-AD26-803031890B63}.Release|Any CPU.Build.0 = Release|Any CPU
		{F86E22A3-996A-485C-9172-65545C3C92A8}.Debug|Any CPU.ActiveCfg = Debug|Any CPU
		{F86E22A3-996A-485C-9172-65545C3C92A8}.Debug|Any CPU.Build.0 = Debug|Any CPU
		{F86E22A3-996A-485C-9172-65545C3C92A8}.Release|Any CPU.ActiveCfg = Release|Any CPU
		{F86E22A3-996A-485C-9172-65545C3C92A8}.Release|Any CPU.Build.0 = Release|Any CPU
	EndGlobalSection
	GlobalSection(SolutionProperties) = preSolution
		HideSolutionNode = FALSE
	EndGlobalSection
	GlobalSection(ExtensibilityGlobals) = postSolution
		SolutionGuid = {24300CB1-169E-4BA6-A152-65B787E8CD9B}
	EndGlobalSection
EndGlobal
